
Microsoft Visual Studio Solution File, Format Version 11.00
# Visual Studio 2010
Project("{8BC9CEB8-8B4A-11D0-8D11-00A0C91BC942}") = "多边形拓扑生成", "多边形拓扑生成\多边形拓扑生成.vcxproj", "{B050431E-60CE-427E-B8A0-413B535600BE}"
EndProject
Global
	GlobalSection(SolutionConfigurationPlatforms) = preSolution
		Debug|Win32 = Debug|Win32
		Release|Win32 = Release|Win32
	EndGlobalSection
	GlobalSection(ProjectConfigurationPlatforms) = postSolution
		{B050431E-60CE-427E-B8A0-413B535600BE}.Debug|Win32.ActiveCfg = Debug|Win32
		{B050431E-60CE-427E-B8A0-413B535600BE}.Debug|Win32.Build.0 = Debug|Win32
		{B050431E-60CE-427E-B8A0-413B535600BE}.Release|Win32.ActiveCfg = Release|Win32
		{B050431E-60CE-427E-B8A0-413B535600BE}.Release|Win32.Build.0 = Release|Win32
	EndGlobalSection
	GlobalSection(SolutionProperties) = preSolution
		HideSolutionNode = FALSE
	EndGlobalSection
EndGlobal
